Microsoft Visual Studio Solution File, Format Version 12.00
# Visual Studio 15
VisualStudioVersion = 15.0.26124.0
MinimumVisualStudioVersion = 15.0.26124.0
Project("{2150E333-8FDC-42A3-9474-1A3956D46DE8}") = "src", "src", "{E05D3211-FEC3-448B-AD5D-24DDBE1F13EC}"
EndProject
Project("{9A19103F-16F7-4668-BE54-9A1E7A4F7556}") = "Track.Data.Sql", "src\Infra\Track.Data.Sql\Track.Data.Sql.csproj", "{5EB9994C-8DA2-4F34-B401-AF3A9C684E8C}"
EndProject
Project("{9A19103F-16F7-4668-BE54-9A1E7A4F7556}") = "Track.Domain", "src\Domain\Track.Domain\Track.Domain.csproj", "{BA9955A7-BC2E-4904-9A59-2FF30A6AF9B3}"
EndProject
Project("{9A19103F-16F7-4668-BE54-9A1E7A4F7556}") = "Track.DI", "src\Infra\Track.DI\Track.DI.csproj", "{85990C97-01BD-4500-AFD4-9CFECF760BF9}"
EndProject
Project("{9A19103F-16F7-4668-BE54-9A1E7A4F7556}") = "Track.Proxy", "src\Infra\Track.Proxy\Track.Proxy.csproj", "{8ACA4302-A63A-445C-ACE4-4C2290FE4487}"
EndProject
Project("{9A19103F-16F7-4668-BE54-9A1E7A4F7556}") = "Track.Webapi", "src\Front\Track.Webapi\Track.Webapi.csproj", "{594ECE5F-A090-43F6-B7E4-54D137F296CC}"
EndProject
Project("{2150E333-8FDC-42A3-9474-1A3956D46DE8}") = "Infra", "Infra", "{2F3CB144-F451-44F9-96C6-49E2C1EE651A}"
EndProject
Project("{9A19103F-16F7-4668-BE54-9A1E7A4F7556}") = "Track.Data.Mongo", "src\Infra\Track.Data.Mongo\Track.Data.Mongo.csproj", "{43CD3708-11EF-4E85-8569-7AAA2D449156}"
EndProject
Project("{2150E333-8FDC-42A3-9474-1A3956D46DE8}") = "Test", "Test", "{A07BE2CC-CE30-4941-87D5-8A76C7D29C57}"
EndProject
Project("{9A19103F-16F7-4668-BE54-9A1E7A4F7556}") = "Track.XUnit", "src\Test\Track.XUnit\Track.XUnit.csproj", "{C61CE5A1-2CEF-4E8A-B6E7-AE81F81A95A6}"
EndProject
Global
	GlobalSection(SolutionConfigurationPlatforms) = preSolution
		Debug|Any CPU = Debug|Any CPU
		Debug|x64 = Debug|x64
		Debug|x86 = Debug|x86
		Release|Any CPU = Release|Any CPU
		Release|x64 = Release|x64
		Release|x86 = Release|x86
	EndGlobalSection
	GlobalSection(ProjectConfigurationPlatforms) = postSolution
		{5EB9994C-8DA2-4F34-B401-AF3A9C684E8C}.Debug|Any CPU.ActiveCfg = Debug|Any CPU
		{5EB9994C-8DA2-4F34-B401-AF3A9C684E8C}.Debug|Any CPU.Build.0 = Debug|Any CPU
		{5EB9994C-8DA2-4F34-B401-AF3A9C684E8C}.Debug|x64.ActiveCfg = Debug|Any CPU
		{5EB9994C-8DA2-4F34-B401-AF3A9C684E8C}.Debug|x64.Build.0 = Debug|Any CPU
		{5EB9994C-8DA2-4F34-B401-AF3A9C684E8C}.Debug|x86.ActiveCfg = Debug|Any CPU
		{5EB9994C-8DA2-4F34-B401-AF3A9C684E8C}.Debug|x86.Build.0 = Debug|Any CPU
		{5EB9994C-8DA2-4F34-B401-AF3A9C684E8C}.Release|Any CPU.ActiveCfg = Release|Any CPU
		{5EB9994C-8DA2-4F34-B401-AF3A9C684E8C}.Release|Any CPU.Build.0 = Release|Any CPU
		{5EB9994C-8DA2-4F34-B401-AF3A9C684E8C}.Release|x64.ActiveCfg = Release|Any CPU
		{5EB9994C-8DA2-4F34-B401-AF3A9C684E8C}.Release|x64.Build.0 = Release|Any CPU
		{5EB9994C-8DA2-4F34-B401-AF3A9C684E8C}.Release|x86.ActiveCfg = Release|Any CPU
		{5EB9994C-8DA2-4F34-B401-AF3A9C684E8C}.Release|x86.Build.0 = Release|Any CPU
		{BA9955A7-BC2E-4904-9A59-2FF30A6AF9B3}.Debug|Any CPU.ActiveCfg = Debug|Any CPU
		{BA9955A7-BC2E-4904-9A59-2FF30A6AF9B3}.Debug|Any CPU.Build.0 = Debug|Any CPU
		{BA9955A7-BC2E-4904-9A59-2FF30A6AF9B3}.Debug|x64.ActiveCfg = Debug|Any CPU
		{BA9955A7-BC2E-4904-9A59-2FF30A6AF9B3}.Debug|x64.Build.0 = Debug|Any CPU
		{BA9955A7-BC2E-4904-9A59-2FF30A6AF9B3}.Debug|x86.ActiveCfg = Debug|Any CPU
		{BA9955A7-BC2E-4904-9A59-2FF30A6AF9B3}.Debug|x86.Build.0 = Debug|Any CPU
		{BA9955A7-BC2E-4904-9A59-2FF30A6AF9B3}.Release|Any CPU.ActiveCfg = Release|Any CPU
		{BA9955A7-BC2E-4904-9A59-2FF30A6AF9B3}.Release|Any CPU.Build.0 = Release|Any CPU
		{BA9955A7-BC2E-4904-9A59-2FF30A6AF9B3}.Release|x64.ActiveCfg = Release|Any CPU
		{BA9955A7-BC2E-4904-9A59-2FF30A6AF9B3}.Release|x64.Build.0 = Release|Any CPU
		{BA9955A7-BC2E-4904-9A59-2FF30A6AF9B3}.Release|x86.ActiveCfg = Release|Any CPU
		{BA9955A7-BC2E-4904-9A59-2FF30A6AF9B3}.Release|x86.Build.0 = Release|Any CPU
		{85990C97-01BD-4500-AFD4-9CFECF760BF9}.Debug|Any CPU.ActiveCfg = Debug|Any CPU
		{85990C97-01BD-4500-AFD4-9CFECF760BF9}.Debug|Any CPU.Build.0 = Debug|Any CPU
		{85990C97-01BD-4500-AFD4-9CFECF760BF9}.Debug|x64.ActiveCfg = Debug|Any CPU
		{85990C97-01BD-4500-AFD4-9CFECF760BF9}.Debug|x64.Build.0 = Debug|Any CPU
		{85990C97-01BD-4500-AFD4-9CFECF760BF9}.Debug|x86.ActiveCfg = Debug|Any CPU
		{85990C97-01BD-4500-AFD4-9CFECF760BF9}.Debug|x86.Build.0 = Debug|Any CPU
		{85990C97-01BD-4500-AFD4-9CFECF760BF9}.Release|Any CPU.ActiveCfg = Release|Any CPU
		{85990C97-01BD-4500-AFD4-9CFECF760BF9}.Release|Any CPU.Build.0 = Release|Any CPU
		{85990C97-01BD-4500-AFD4-9CFECF760BF9}.Release|x64.ActiveCfg = Release|Any CPU
		{85990C97-01BD-4500-AFD4-9CFECF760BF9}.Release|x64.Build.0 = Release|Any CPU
		{85990C97-01BD-4500-AFD4-9CFECF760BF9}.Release|x86.ActiveCfg = Release|Any CPU
		{85990C97-01BD-4500-AFD4-9CFECF760BF9}.Release|x86.Build.0 = Release|Any CPU
		{8ACA4302-A63A-445C-ACE4-4C2290FE4487}.Debug|Any CPU.ActiveCfg = Debug|Any CPU
		{8ACA4302-A63A-445C-ACE4-4C2290FE4487}.Debug|Any CPU.Build.0 = Debug|Any CPU
		{8ACA4302-A63A-445C-ACE4-4C2290FE4487}.Debug|x64.ActiveCfg = Debug|Any CPU
		{8ACA4302-A63A-445C-ACE4-4C2290FE4487}.Debug|x64.Build.0 = Debug|Any CPU
		{8ACA4302-A63A-445C-ACE4-4C2290FE4487}.Debug|x86.ActiveCfg = Debug|Any CPU
		{8ACA4302-A63A-445C-ACE4-4C2290FE4487}.Debug|x86.Build.0 = Debug|Any CPU
		{8ACA4302-A63A-445C-ACE4-4C2290FE4487}.Release|Any CPU.ActiveCfg = Release|Any CPU
		{8ACA4302-A63A-445C-ACE4-4C2290FE4487}.Release|Any CPU.Build.0 = Release|Any CPU
		{8ACA4302-A63A-445C-ACE4-4C2290FE4487}.Release|x64.ActiveCfg = Release|Any CPU
		{8ACA4302-A63A-445C-ACE4-4C2290FE4487}.Release|x64.Build.0 = Release|Any CPU
		{8ACA4302-A63A-445C-ACE4-4C2290FE4487}.Release|x86.ActiveCfg = Release|Any CPU
		{8ACA4302-A63A-445C-ACE4-4C2290FE4487}.Release|x86.Build.0 = Release|Any CPU
		{594ECE5F-A090-43F6-B7E4-54D137F296CC}.Debug|Any CPU.ActiveCfg = Debug|Any CPU
		{594ECE5F-A090-43F6-B7E4-54D137F296CC}.Debug|Any CPU.Build.0 = Debug|Any CPU
		{594ECE5F-A090-43F6-B7E4-54D137F296CC}.Debug|x64.ActiveCfg = Debug|Any CPU
		{594ECE5F-A090-43F6-B7E4-54D137F296CC}.Debug|x64.Build.0 = Debug|Any CPU
		{594ECE5F-A090-43F6-B7E4-54D137F296CC}.Debug|x86.ActiveCfg = Debug|Any CPU
		{594ECE5F-A090-43F6-B7E4-54D137F296CC}.Debug|x86.Build.0 = Debug|Any CPU
		{594ECE5F-A090-43F6-B7E4-54D137F296CC}.Release|Any CPU.ActiveCfg = Release|Any CPU
		{594ECE5F-A090-43F6-B7E4-54D137F296CC}.Release|Any CPU.Build.0 = Release|Any CPU
		{594ECE5F-A090-43F6-B7E4-54D137F296CC}.Release|x64.ActiveCfg = Release|Any CPU
		{594ECE5F-A090-43F6-B7E4-54D137F296CC}.Release|x64.Build.0 = Release|Any CPU
		{594ECE5F-A090-43F6-B7E4-54D137F296CC}.Release|x86.ActiveCfg = Release|Any CPU
		{594ECE5F-A090-43F6-B7E4-54D137F296CC}.Release|x86.Build.0 = Release|Any CPU
		{43CD3708-11EF-4E85-8569-7AAA2D449156}.Debug|Any CPU.ActiveCfg = Debug|Any CPU
		{43CD3708-11EF-4E85-8569-7AAA2D449156}.Debug|Any CPU.Build.0 = Debug|Any CPU
		{43CD3708-11EF-4E85-8569-7AAA2D449156}.Debug|x64.ActiveCfg = Debug|Any CPU
		{43CD3708-11EF-4E85-8569-7AAA2D449156}.Debug|x64.Build.0 = Debug|Any CPU
		{43CD3708-11EF-4E85-8569-7AAA2D449156}.Debug|x86.ActiveCfg = Debug|Any CPU
		{43CD3708-11EF-4E85-8569-7AAA2D449156}.Debug|x86.Build.0 = Debug|Any CPU
		{43CD3708-11EF-4E85-8569-7AAA2D449156}.Release|Any CPU.ActiveCfg = Release|Any CPU
		{43CD3708-11EF-4E85-8569-7AAA2D449156}.Release|Any CPU.Build.0 = Release|Any CPU
		{43CD3708-11EF-4E85-8569-7AAA2D449156}.Release|x64.ActiveCfg = Release|Any CPU
		{43CD3708-11EF-4E85-8569-7AAA2D449156}.Release|x64.Build.0 = Release|Any CPU
		{43CD3708-11EF-4E85-8569-7AAA2D449156}.Release|x86.ActiveCfg = Release|Any CPU
		{43CD3708-11EF-4E85-8569-7AAA2D449156}.Release|x86.Build.0 = Release|Any CPU
		{C61CE5A1-2CEF-4E8A-B6E7-AE81F81A95A6}.Debug|Any CPU.ActiveCfg = Debug|Any CPU
		{C61CE5A1-2CEF-4E8A-B6E7-AE81F81A95A6}.Debug|Any CPU.Build.0 = Debug|Any CPU
		{C61CE5A1-2CEF-4E8A-B6E7-AE81F81A95A6}.Debug|x64.ActiveCfg = Debug|Any CPU
		{C61CE5A1-2CEF-4E8A-B6E7-AE81F81A95A6}.Debug|x64.Build.0 = Debug|Any CPU
		{C61CE5A1-2CEF-4E8A-B6E7-AE81F81A95A6}.Debug|x86.ActiveCfg = Debug|Any CPU
		{C61CE5A1-2CEF-4E8A-B6E7-AE81F81A95A6}.Debug|x86.Build.0 = Debug|Any CPU
		{C61CE5A1-2CEF-4E8A-B6E7-AE81F81A95A6}.Release|Any CPU.ActiveCfg = Release|Any CPU
		{C61CE5A1-2CEF-4E8A-B6E7-AE81F81A95A6}.Release|Any CPU.Build.0 = Release|Any CPU
		{C61CE5A1-2CEF-4E8A-B6E7-AE81F81A95A6}.Release|x64.ActiveCfg = Release|Any CPU
		{C61CE5A1-2CEF-4E8A-B6E7-AE81F81A95A6}.Release|x64.Build.0 = Release|Any CPU
		{C61CE5A1-2CEF-4E8A-B6E7-AE81F81A95A6}.Release|x86.ActiveCfg = Release|Any CPU
		{C61CE5A1-2CEF-4E8A-B6E7-AE81F81A95A6}.Release|x86.Build.0 = Release|Any CPU
	EndGlobalSection
	GlobalSection(SolutionProperties) = preSolution
		HideSolutionNode = FALSE
	EndGlobalSection
	GlobalSection(NestedProjects) = preSolution
		{5EB9994C-8DA2-4F34-B401-AF3A9C684E8C} = {E05D3211-FEC3-448B-AD5D-24DDBE1F13EC}
		{BA9955A7-BC2E-4904-9A59-2FF30A6AF9B3} = {E05D3211-FEC3-448B-AD5D-24DDBE1F13EC}
		{85990C97-01BD-4500-AFD4-9CFECF760BF9} = {E05D3211-FEC3-448B-AD5D-24DDBE1F13EC}
		{8ACA4302-A63A-445C-ACE4-4C2290FE4487} = {E05D3211-FEC3-448B-AD5D-24DDBE1F13EC}
		{594ECE5F-A090-43F6-B7E4-54D137F296CC} = {E05D3211-FEC3-448B-AD5D-24DDBE1F13EC}
		{2F3CB144-F451-44F9-96C6-49E2C1EE651A} = {E05D3211-FEC3-448B-AD5D-24DDBE1F13EC}
		{43CD3708-11EF-4E85-8569-7AAA2D449156} = {2F3CB144-F451-44F9-96C6-49E2C1EE651A}
		{A07BE2CC-CE30-4941-87D5-8A76C7D29C57} = {E05D3211-FEC3-448B-AD5D-24DDBE1F13EC}
		{C61CE5A1-2CEF-4E8A-B6E7-AE81F81A95A6} = {A07BE2CC-CE30-4941-87D5-8A76C7D29C57}
	EndGlobalSection
	GlobalSection(ExtensibilityGlobals) = postSolution
		SolutionGuid = {455B3930-DC29-42A8-BFD8-9AE1EFD3A474}
	EndGlobalSection
EndGlobal
